# This file is @generated by PDM.
# It is not intended for manual editing.

[[package]]
name = "tomlkit"
version = "0.11.6"
requires_python = ">=3.6"
summary = "Style preserving TOML library"

[metadata]
lock_version = "4.1"
content_hash = "sha256:3cea51bd7aaca3153474ebdd30dd18e49183dc57af7381f826f05c601001d47b"

[metadata.files]
"tomlkit 0.11.6" = [
    {url = "https://files.pythonhosted.org/packages/2b/df/971fa5db3250bb022105d17f340339370f73d502e65e687a94ca1a4c4b1f/tomlkit-0.11.6-py3-none-any.whl", hash = "sha256:07de26b0d8cfc18f871aec595fda24d95b08fef89d147caa861939f37230bf4b"},
    {url = "https://files.pythonhosted.org/packages/ff/04/58b4c11430ed4b7b8f1723a5e4f20929d59361e9b17f0872d69681fd8ffd/tomlkit-0.11.6.tar.gz", hash = "sha256:71b952e5721688937fb02cf9d354dbcf0785066149d2855e44531ebdd2b65d73"},
]
