# This file is automatically @generated by Poetry and should not be changed by hand.

[[package]]
name = "tomlkit"
version = "0.11.6"
description = "Style preserving TOML library"
category = "main"
optional = false
python-versions = ">=3.6"
files = [
    {file = "tomlkit-0.11.6-py3-none-any.whl", hash = "sha256:07de26b0d8cfc18f871aec595fda24d95b08fef89d147caa861939f37230bf4b"},
    {file = "tomlkit-0.11.6.tar.gz", hash = "sha256:71b952e5721688937fb02cf9d354dbcf0785066149d2855e44531ebdd2b65d73"},
]

[metadata]
lock-version = "2.0"
python-versions = "^3.9"
content-hash = "cf9b682ed98190749016176fa7d598496dcf8d3e82baa8befe181d25c1c2f4cb"
